
Microsoft Visual Studio Solution File, Format Version 12.00
# Visual Studio Version 16
VisualStudioVersion = 16.0.32901.82
MinimumVisualStudioVersion = 10.0.40219.1
Project("{FAE04EC0-301F-11D3-BF4B-00C04F79EFBC}") = "Practice in the classroom", "Practice in the classroom\Practice in the classroom.csproj", "{EDBE5F52-F920-4D64-B4E0-F50BA24FB8BC}"
EndProject
Project("{FAE04EC0-301F-11D3-BF4B-00C04F79EFBC}") = "Service", "Services\Service.csproj", "{9DE650E6-6D90-494B-ADDB-BABB980CD6B6}"
EndProject
Project("{FAE04EC0-301F-11D3-BF4B-00C04F79EFBC}") = "Domain", "Domain\Domain.csproj", "{DF42A643-3908-431F-86EA-5DEB6155B55A}"
EndProject
Global
	GlobalSection(SolutionConfigurationPlatforms) = preSolution
		Debug|Any CPU = Debug|Any CPU
		Release|Any CPU = Release|Any CPU
	EndGlobalSection
	GlobalSection(ProjectConfigurationPlatforms) = postSolution
		{EDBE5F52-F920-4D64-B4E0-F50BA24FB8BC}.Debug|Any CPU.ActiveCfg = Debug|Any CPU
		{EDBE5F52-F920-4D64-B4E0-F50BA24FB8BC}.Debug|Any CPU.Build.0 = Debug|Any CPU
		{EDBE5F52-F920-4D64-B4E0-F50BA24FB8BC}.Release|Any CPU.ActiveCfg = Release|Any CPU
		{EDBE5F52-F920-4D64-B4E0-F50BA24FB8BC}.Release|Any CPU.Build.0 = Release|Any CPU
		{9DE650E6-6D90-494B-ADDB-BABB980CD6B6}.Debug|Any CPU.ActiveCfg = Debug|Any CPU
		{9DE650E6-6D90-494B-ADDB-BABB980CD6B6}.Debug|Any CPU.Build.0 = Debug|Any CPU
		{9DE650E6-6D90-494B-ADDB-BABB980CD6B6}.Release|Any CPU.ActiveCfg = Release|Any CPU
		{9DE650E6-6D90-494B-ADDB-BABB980CD6B6}.Release|Any CPU.Build.0 = Release|Any CPU
		{DF42A643-3908-431F-86EA-5DEB6155B55A}.Debug|Any CPU.ActiveCfg = Debug|Any CPU
		{DF42A643-3908-431F-86EA-5DEB6155B55A}.Debug|Any CPU.Build.0 = Debug|Any CPU
		{DF42A643-3908-431F-86EA-5DEB6155B55A}.Release|Any CPU.ActiveCfg = Release|Any CPU
		{DF42A643-3908-431F-86EA-5DEB6155B55A}.Release|Any CPU.Build.0 = Release|Any CPU
	EndGlobalSection
	GlobalSection(SolutionProperties) = preSolution
		HideSolutionNode = FALSE
	EndGlobalSection
	GlobalSection(ExtensibilityGlobals) = postSolution
		SolutionGuid = {7AF4D62C-13CE-4599-AB04-965E6C464A9E}
	EndGlobalSection
EndGlobal
